
Microsoft Visual Studio Solution File, Format Version 12.00
# Visual Studio 2013
VisualStudioVersion = 12.0.31101.0
MinimumVisualStudioVersion = 10.0.40219.1
Project("{FAE04EC0-301F-11D3-BF4B-00C04F79EFBC}") = "WindowsFormsApplication2", "WindowsFormsApplication2\WindowsFormsApplication2.csproj", "{6AC5DDC3-7C49-4278-93D8-385313B732D2}"
EndProject
Global
	GlobalSection(SolutionConfigurationPlatforms) = preSolution
		Debug|Any CPU = Debug|Any CPU
		Release|Any CPU = Release|Any CPU
	EndGlobalSection
	GlobalSection(ProjectConfigurationPlatforms) = postSolution
		{6AC5DDC3-7C49-4278-93D8-385313B732D2}.Debug|Any CPU.ActiveCfg = Debug|Any CPU
		{6AC5DDC3-7C49-4278-93D8-385313B732D2}.Debug|Any CPU.Build.0 = Debug|Any CPU
		{6AC5DDC3-7C49-4278-93D8-385313B732D2}.Release|Any CPU.ActiveCfg = Release|Any CPU
		{6AC5DDC3-7C49-4278-93D8-385313B732D2}.Release|Any CPU.Build.0 = Release|Any CPU
	EndGlobalSection
	GlobalSection(SolutionProperties) = preSolution
		HideSolutionNode = FALSE
	EndGlobalSection
EndGlobal
